
Microsoft Visual Studio Solution File, Format Version 12.00
# Visual Studio Version 17
VisualStudioVersion = 17.1.32421.90
MinimumVisualStudioVersion = 17.1.32421.90
Project("{2150E333-8FDC-42A3-9474-1A3956D46DE8}") = ".nuget", ".nuget", "{AEBCA640-A97E-4F40-BED6-240A5AA10AFA}"
	ProjectSection(SolutionItems) = preProject
		.nuget\nuget.config = .nuget\nuget.config
	EndProjectSection
EndProject
Project("{2150E333-8FDC-42A3-9474-1A3956D46DE8}") = "Common", "Common", "{2E5299DD-72A9-4026-8612-AF1F9CCE1D35}"
	ProjectSection(SolutionItems) = preProject
		Common\GlobalAssemblyInfo.cs = Common\GlobalAssemblyInfo.cs
		Common\GlobalAssemblyTestSuppressions.cs = Common\GlobalAssemblyTestSuppressions.cs
		Common\GlobalAssemblyVersionInfo.cs = Common\GlobalAssemblyVersionInfo.cs
		Common\OrganizationAssemblyInfo.cs = Common\OrganizationAssemblyInfo.cs
	EndProjectSection
EndProject
Project("{2150E333-8FDC-42A3-9474-1A3956D46DE8}") = "Source", "Source", "{DCE4BDAE-9606-4B0B-8077-CAF6EF014088}"
EndProject
Project("{9A19103F-16F7-4668-BE54-9A1E7A4F7556}") = "OscarNET.LOBAFramework.Configuration", "Source\OscarNET.LOBAFramework.Configuration\OscarNET.LOBAFramework.Configuration.csproj", "{77909320-8B54-4935-9850-46AA8099B150}"
EndProject
Project("{2150E333-8FDC-42A3-9474-1A3956D46DE8}") = "CodingStyleAndRules", "CodingStyleAndRules", "{F6612119-75FC-4B88-9A61-605A91AE4B3B}"
	ProjectSection(SolutionItems) = preProject
		.editorconfig = .editorconfig
	EndProjectSection
EndProject
Project("{9A19103F-16F7-4668-BE54-9A1E7A4F7556}") = "OscarNET.LOBAFramework.LanguageResources", "Source\OscarNET.LOBAFramework.LanguageResources\OscarNET.LOBAFramework.LanguageResources.csproj", "{B01B3F4D-683E-475C-B91F-DB4E110578A2}"
EndProject
Project("{2150E333-8FDC-42A3-9474-1A3956D46DE8}") = "Tests", "Tests", "{877464A4-6FD0-4E82-AC9F-35F2598EFFCD}"
EndProject
Project("{9A19103F-16F7-4668-BE54-9A1E7A4F7556}") = "OscarNET.LOBAFramework.Configuration.Tests", "Tests\OscarNET.LOBAFramework.Configuration.Tests\OscarNET.LOBAFramework.Configuration.Tests.csproj", "{CA7CA0B1-F23D-48C1-A5FF-9C7A5CDF1825}"
EndProject
Project("{9A19103F-16F7-4668-BE54-9A1E7A4F7556}") = "OscarNET.LOBAFramework.Testing", "Tests\OscarNET.LOBAFramework.Testing\OscarNET.LOBAFramework.Testing.csproj", "{DDFF74AB-5C7A-4F4D-8DB9-6A377E66DA44}"
EndProject
Project("{2150E333-8FDC-42A3-9474-1A3956D46DE8}") = "Reports", "Reports", "{196F1C10-8EBD-4E41-BCB6-69D86A62696B}"
	ProjectSection(SolutionItems) = preProject
		Reports\RunTestsWithCoverage.cmd = Reports\RunTestsWithCoverage.cmd
	EndProjectSection
EndProject
Global
	GlobalSection(SolutionConfigurationPlatforms) = preSolution
		Debug|Any CPU = Debug|Any CPU
		Release|Any CPU = Release|Any CPU
	EndGlobalSection
	GlobalSection(ProjectConfigurationPlatforms) = postSolution
		{77909320-8B54-4935-9850-46AA8099B150}.Debug|Any CPU.ActiveCfg = Debug|Any CPU
		{77909320-8B54-4935-9850-46AA8099B150}.Debug|Any CPU.Build.0 = Debug|Any CPU
		{77909320-8B54-4935-9850-46AA8099B150}.Release|Any CPU.ActiveCfg = Release|Any CPU
		{77909320-8B54-4935-9850-46AA8099B150}.Release|Any CPU.Build.0 = Release|Any CPU
		{B01B3F4D-683E-475C-B91F-DB4E110578A2}.Debug|Any CPU.ActiveCfg = Debug|Any CPU
		{B01B3F4D-683E-475C-B91F-DB4E110578A2}.Debug|Any CPU.Build.0 = Debug|Any CPU
		{B01B3F4D-683E-475C-B91F-DB4E110578A2}.Release|Any CPU.ActiveCfg = Release|Any CPU
		{B01B3F4D-683E-475C-B91F-DB4E110578A2}.Release|Any CPU.Build.0 = Release|Any CPU
		{CA7CA0B1-F23D-48C1-A5FF-9C7A5CDF1825}.Debug|Any CPU.ActiveCfg = Debug|Any CPU
		{CA7CA0B1-F23D-48C1-A5FF-9C7A5CDF1825}.Debug|Any CPU.Build.0 = Debug|Any CPU
		{CA7CA0B1-F23D-48C1-A5FF-9C7A5CDF1825}.Release|Any CPU.ActiveCfg = Release|Any CPU
		{CA7CA0B1-F23D-48C1-A5FF-9C7A5CDF1825}.Release|Any CPU.Build.0 = Release|Any CPU
		{DDFF74AB-5C7A-4F4D-8DB9-6A377E66DA44}.Debug|Any CPU.ActiveCfg = Debug|Any CPU
		{DDFF74AB-5C7A-4F4D-8DB9-6A377E66DA44}.Debug|Any CPU.Build.0 = Debug|Any CPU
		{DDFF74AB-5C7A-4F4D-8DB9-6A377E66DA44}.Release|Any CPU.ActiveCfg = Release|Any CPU
		{DDFF74AB-5C7A-4F4D-8DB9-6A377E66DA44}.Release|Any CPU.Build.0 = Release|Any CPU
	EndGlobalSection
	GlobalSection(SolutionProperties) = preSolution
		HideSolutionNode = FALSE
	EndGlobalSection
	GlobalSection(NestedProjects) = preSolution
		{77909320-8B54-4935-9850-46AA8099B150} = {DCE4BDAE-9606-4B0B-8077-CAF6EF014088}
		{B01B3F4D-683E-475C-B91F-DB4E110578A2} = {DCE4BDAE-9606-4B0B-8077-CAF6EF014088}
		{CA7CA0B1-F23D-48C1-A5FF-9C7A5CDF1825} = {877464A4-6FD0-4E82-AC9F-35F2598EFFCD}
		{DDFF74AB-5C7A-4F4D-8DB9-6A377E66DA44} = {877464A4-6FD0-4E82-AC9F-35F2598EFFCD}
	EndGlobalSection
	GlobalSection(ExtensibilityGlobals) = postSolution
		SolutionGuid = {92C6B1DF-562B-4F99-99A4-5ADEF99602B6}
	EndGlobalSection
EndGlobal
